
Microsoft Visual Studio Solution File, Format Version 12.00
# Visual Studio Version 17
VisualStudioVersion = 17.5.33530.505
MinimumVisualStudioVersion = 10.0.40219.1
Project("{9A19103F-16F7-4668-BE54-9A1E7A4F7556}") = "MyStore", "MyStore\MyStore.csproj", "{B7A59083-8652-4552-A8D2-3E4F043B7E47}"
EndProject
Global
	GlobalSection(SolutionConfigurationPlatforms) = preSolution
		Debug|Any CPU = Debug|Any CPU
		Release|Any CPU = Release|Any CPU
	EndGlobalSection
	GlobalSection(ProjectConfigurationPlatforms) = postSolution
		{B7A59083-8652-4552-A8D2-3E4F043B7E47}.Debug|Any CPU.ActiveCfg = Debug|Any CPU
		{B7A59083-8652-4552-A8D2-3E4F043B7E47}.Debug|Any CPU.Build.0 = Debug|Any CPU
		{B7A59083-8652-4552-A8D2-3E4F043B7E47}.Release|Any CPU.ActiveCfg = Release|Any CPU
		{B7A59083-8652-4552-A8D2-3E4F043B7E47}.Release|Any CPU.Build.0 = Release|Any CPU
	EndGlobalSection
	GlobalSection(SolutionProperties) = preSolution
		HideSolutionNode = FALSE
	EndGlobalSection
	GlobalSection(ExtensibilityGlobals) = postSolution
		SolutionGuid = {20F3A1FA-57DF-4BEE-8686-1F24BA0AB7B1}
	EndGlobalSection
EndGlobal
